dependencies:
- name: postgresql
  repository: https://charts.bitnami.com/bitnami
  version: 16.4.16
- name: postgresql-ha
  repository: https://charts.bitnami.com/bitnami
  version: 9.4.11
- name: redis
  repository: https://charts.bitnami.com/bitnami
  version: 19.6.4
digest: sha256:159c43aa8876e84095b026ee0f5ee13de721f418d01b91e6c4335d85646442f7
generated: "2025-03-17T14:47:37.646675564Z"
